// !$*UTF8*$!
{
	archiveVersion = 1;
	classes = {
	};
	objectVersion = 50;
	objects = {

/* Begin PBXBuildFile section */
		888E3A2220C2776900D4601A /* AppDelegate.m in Sources */ = {isa = PBXBuildFile; fileRef = 888E3A2120C2776900D4601A /* AppDelegate.m */; };
		888E3A2520C2776900D4601A /* ViewController.m in Sources */ = {isa = PBXBuildFile; fileRef = 888E3A2420C2776900D4601A /* ViewController.m */; };
		888E3A2820C2776900D4601A /* Main.storyboard in Resources */ = {isa = PBXBuildFile; fileRef = 888E3A2620C2776900D4601A /* Main.storyboard */; };
		888E3A2A20C2776C00D4601A /* Assets.xcassets in Resources */ = {isa = PBXBuildFile; fileRef = 888E3A2920C2776C00D4601A /* Assets.xcassets */; };
		888E3A2D20C2776C00D4601A /* LaunchScreen.storyboard in Resources */ = {isa = PBXBuildFile; fileRef = 888E3A2B20C2776C00D4601A /* LaunchScreen.storyboard */; };
		888E3A3020C2776C00D4601A /* main.m in Sources */ = {isa = PBXBuildFile; fileRef = 888E3A2F20C2776C00D4601A /* main.m */; };
		888E3A3C20C2809700D4601A /* screenShot.png in Resources */ = {isa = PBXBuildFile; fileRef = 888E3A3A20C2809700D4601A /* screenShot.png */; };
		888E3A3D20C2809700D4601A /* log.png in Resources */ = {isa = PBXBuildFile; fileRef = 888E3A3B20C2809700D4601A /* log.png */; };
/* End PBXBuildFile section */

/* Begin PBXFileReference section */
		888E3A1D20C2776900D4601A /* Runtime在开发中的应用.app */ = {isa = PBXFileReference; explicitFileType = wrapper.application; includeInIndex = 0; path = "Runtime在开发中的应用.app"; sourceTree = BUILT_PRODUCTS_DIR; };
		888E3A2020C2776900D4601A /* AppDelegate.h */ = {isa = PBXFileReference; lastKnownFileType = sourcecode.c.h; path = AppDelegate.h; sourceTree = "<group>"; };
		888E3A2120C2776900D4601A /* AppDelegate.m */ = {isa = PBXFileReference; lastKnownFileType = sourcecode.c.objc; path = AppDelegate.m; sourceTree = "<group>"; };
		888E3A2320C2776900D4601A /* ViewController.h */ = {isa = PBXFileReference; lastKnownFileType = sourcecode.c.h; path = ViewController.h; sourceTree = "<group>"; };
		888E3A2420C2776900D4601A /* ViewController.m */ = {isa = PBXFileReference; lastKnownFileType = sourcecode.c.objc; path = ViewController.m; sourceTree = "<group>"; };
		888E3A2720C2776900D4601A /* Base */ = {isa = PBXFileReference; lastKnownFileType = file.storyboard; name = Base; path = Base.lproj/Main.storyboard; sourceTree = "<group>"; };
		888E3A2920C2776C00D4601A /* Assets.xcassets */ = {isa = PBXFileReference; lastKnownFileType = folder.assetcatalog; path = Assets.xcassets; sourceTree = "<group>"; };
		888E3A2C20C2776C00D4601A /* Base */ = {isa = PBXFileReference; lastKnownFileType = file.storyboard; name = Base; path = Base.lproj/LaunchScreen.storyboard; sourceTree = "<group>"; };
		888E3A2E20C2776C00D4601A /* Info.plist */ = {isa = PBXFileReference; lastKnownFileType = text.plist.xml; path = Info.plist; sourceTree = "<group>"; };
		888E3A2F20C2776C00D4601A /* main.m */ = {isa = PBXFileReference; lastKnownFileType = sourcecode.c.objc; path = main.m; sourceTree = "<group>"; };
		888E3A3A20C2809700D4601A /* screenShot.png */ = {isa = PBXFileReference; lastKnownFileType = image.png; path = screenShot.png; sourceTree = "<group>"; };
		888E3A3B20C2809700D4601A /* log.png */ = {isa = PBXFileReference; lastKnownFileType = image.png; path = log.png; sourceTree = "<group>"; };
/* End PBXFileReference section */

/* Begin PBXFrameworksBuildPhase section */
		888E3A1A20C2776900D4601A /* Frameworks */ = {
			isa = PBXFrameworksBuildPhase;
			buildActionMask = 2147483647;
			files = (
			);
			runOnlyForDeploymentPostprocessing = 0;
		};
/* End PBXFrameworksBuildPhase section */

/* Begin PBXGroup section */
		888E3A1420C2776900D4601A = {
			isa = PBXGroup;
			children = (
				888E3A1F20C2776900D4601A /* Runtime在开发中的应用 */,
				888E3A1E20C2776900D4601A /* Products */,
			);
			sourceTree = "<group>";
		};
		888E3A1E20C2776900D4601A /* Products */ = {
			isa = PBXGroup;
			children = (
				888E3A1D20C2776900D4601A /* Runtime在开发中的应用.app */,
			);
			name = Products;
			sourceTree = "<group>";
		};
		888E3A1F20C2776900D4601A /* Runtime在开发中的应用 */ = {
			isa = PBXGroup;
			children = (
				888E3A2020C2776900D4601A /* AppDelegate.h */,
				888E3A2120C2776900D4601A /* AppDelegate.m */,
				888E3A2320C2776900D4601A /* ViewController.h */,
				888E3A2420C2776900D4601A /* ViewController.m */,
				888E3A2620C2776900D4601A /* Main.storyboard */,
				888E3A2920C2776C00D4601A /* Assets.xcassets */,
				888E3A3B20C2809700D4601A /* log.png */,
				888E3A3A20C2809700D4601A /* screenShot.png */,
				888E3A2B20C2776C00D4601A /* LaunchScreen.storyboard */,
				888E3A2E20C2776C00D4601A /* Info.plist */,
				888E3A2F20C2776C00D4601A /* main.m */,
			);
			path = "Runtime在开发中的应用";
			sourceTree = "<group>";
		};
/* End PBXGroup section */

/* Begin PBXNativeTarget section */
		888E3A1C20C2776900D4601A /* Runtime在开发中的应用 */ = {
			isa = PBXNativeTarget;
			buildConfigurationList = 888E3A3320C2776C00D4601A /* Build configuration list for PBXNativeTarget "Runtime在开发中的应用" */;
			buildPhases = (
				888E3A1920C2776900D4601A /* Sources */,
				888E3A1A20C2776900D4601A /* Frameworks */,
				888E3A1B20C2776900D4601A /* Resources */,
			);
			buildRules = (
			);
			dependencies = (
			);
			name = "Runtime在开发中的应用";
			productName = "Runtime在开发中的应用";
			productReference = 888E3A1D20C2776900D4601A /* Runtime在开发中的应用.app */;
			productType = "com.apple.product-type.application";
		};
/* End PBXNativeTarget section */

/* Begin PBXProject section */
		888E3A1520C2776900D4601A /* Project object */ = {
			isa = PBXProject;
			attributes = {
				LastUpgradeCheck = 0930;
				ORGANIZATIONNAME = ChenZhen;
				TargetAttributes = {
					888E3A1C20C2776900D4601A = {
						CreatedOnToolsVersion = 9.3;
					};
				};
			};
			buildConfigurationList = 888E3A1820C2776900D4601A /* Build configuration list for PBXProject "Runtime在开发中的应用" */;
			compatibilityVersion = "Xcode 9.3";
			developmentRegion = en;
			hasScannedForEncodings = 0;
			knownRegions = (
				en,
				Base,
			);
			mainGroup = 888E3A1420C2776900D4601A;
			productRefGroup = 888E3A1E20C2776900D4601A /* Products */;
			projectDirPath = "";
			projectRoot = "";
			targets = (
				888E3A1C20C2776900D4601A /* Runtime在开发中的应用 */,
			);
		};
/* End PBXProject section */

/* Begin PBXResourcesBuildPhase section */
		888E3A1B20C2776900D4601A /* Resources */ = {
			isa = PBXResourcesBuildPhase;
			buildActionMask = 2147483647;
			files = (
				888E3A2D20C2776C00D4601A /* LaunchScreen.storyboard in Resources */,
				888E3A2A20C2776C00D4601A /* Assets.xcassets in Resources */,
				888E3A2820C2776900D4601A /* Main.storyboard in Resources */,
				888E3A3C20C2809700D4601A /* screenShot.png in Resources */,
				888E3A3D20C2809700D4601A /* log.png in Resources */,
			);
			runOnlyForDeploymentPostprocessing = 0;
		};
/* End PBXResourcesBuildPhase section */

/* Begin PBXSourcesBuildPhase section */
		888E3A1920C2776900D4601A /* Sources */ = {
			isa = PBXSourcesBuildPhase;
			buildActionMask = 2147483647;
			files = (
				888E3A2520C2776900D4601A /* ViewController.m in Sources */,
				888E3A3020C2776C00D4601A /* main.m in Sources */,
				888E3A2220C2776900D4601A /* AppDelegate.m in Sources */,
			);
			runOnlyForDeploymentPostprocessing = 0;
		};
/* End PBXSourcesBuildPhase section */

/* Begin PBXVariantGroup section */
		888E3A2620C2776900D4601A /* Main.storyboard */ = {
			isa = PBXVariantGroup;
			children = (
				888E3A2720C2776900D4601A /* Base */,
			);
			name = Main.storyboard;
			sourceTree = "<group>";
		};
		888E3A2B20C2776C00D4601A /* LaunchScreen.storyboard */ = {
			isa = PBXVariantGroup;
			children = (
				888E3A2C20C2776C00D4601A /* Base */,
			);
			name = LaunchScreen.storyboard;
			sourceTree = "<group>";
		};
/* End PBXVariantGroup section */

/* Begin XCBuildConfiguration section */
		888E3A3120C2776C00D4601A /* Debug */ = {
			isa = XCBuildConfiguration;
			buildSettings = {
				ALWAYS_SEARCH_USER_PATHS = NO;
				CLANG_ANALYZER_NONNULL = YES;
				CLANG_ANALYZER_NUMBER_OBJECT_CONVERSION = YES_AGGRESSIVE;
				CLANG_CXX_LANGUAGE_STANDARD = "gnu++14";
				CLANG_CXX_LIBRARY = "libc++";
				CLANG_ENABLE_MODULES = YES;
				CLANG_ENABLE_OBJC_ARC = YES;
				CLANG_ENABLE_OBJC_WEAK = YES;
				CLANG_WARN_BLOCK_CAPTURE_AUTORELEASING = YES;
				CLANG_WARN_BOOL_CONVERSION = YES;
				CLANG_WARN_COMMA = YES;
				CLANG_WARN_CONSTANT_CONVERSION = YES;
				CLANG_WARN_DEPRECATED_OBJC_IMPLEMENTATIONS = YES;
				CLANG_WARN_DIRECT_OBJC_ISA_USAGE = YES_ERROR;
				CLANG_WARN_DOCUMENTATION_COMMENTS = YES;
				CLANG_WARN_EMPTY_BODY = YES;
				CLANG_WARN_ENUM_CONVERSION = YES;
				CLANG_WARN_INFINITE_RECURSION = YES;
				CLANG_WARN_INT_CONVERSION = YES;
				CLANG_WARN_NON_LITERAL_NULL_CONVERSION = YES;
				CLANG_WARN_OBJC_IMPLICIT_RETAIN_SELF = YES;
				CLANG_WARN_OBJC_LITERAL_CONVERSION = YES;
				CLANG_WARN_OBJC_ROOT_CLASS = YES_ERROR;
				CLANG_WARN_RANGE_LOOP_ANALYSIS = YES;
				CLANG_WARN_STRICT_PROTOTYPES = YES;
				CLANG_WARN_SUSPICIOUS_MOVE = YES;
				CLANG_WARN_UNGUARDED_AVAILABILITY = YES_AGGRESSIVE;
				CLANG_WARN_UNREACHABLE_CODE = YES;
				CLANG_WARN__DUPLICATE_METHOD_MATCH = YES;
				CODE_SIGN_IDENTITY = "iPhone Developer";
				COPY_PHASE_STRIP = NO;
				DEBUG_INFORMATION_FORMAT = dwarf;
				ENABLE_STRICT_OBJC_MSGSEND = YES;
				ENABLE_TESTABILITY = YES;
				GCC_C_LANGUAGE_STANDARD = gnu11;
				GCC_DYNAMIC_NO_PIC = NO;
				GCC_NO_COMMON_BLOCKS = YES;
				GCC_OPTIMIZATION_LEVEL = 0;
				GCC_PREPROCESSOR_DEFINITIONS = (
					"DEBUG=1",
					"$(inherited)",
				);
				GCC_WARN_64_TO_32_BIT_CONVERSION = YES;
				GCC_WARN_ABOUT_RETURN_TYPE = YES_ERROR;
				GCC_WARN_UNDECLARED_SELECTOR = YES;
				GCC_WARN_UNINITIALIZED_AUTOS = YES_AGGRESSIVE;
				GCC_WARN_UNUSED_FUNCTION = YES;
				GCC_WARN_UNUSED_VARIABLE = YES;
				IPHONEOS_DEPLOYMENT_TARGET = 11.3;
				MTL_ENABLE_DEBUG_INFO = YES;
				ONLY_ACTIVE_ARCH = YES;
				SDKROOT = iphoneos;
			};
			name = Debug;
		};
		888E3A3220C2776C00D4601A /* Release */ = {
			isa = XCBuildConfiguration;
			buildSettings = {
				ALWAYS_SEARCH_USER_PATHS = NO;
				CLANG_ANALYZER_NONNULL = YES;
				CLANG_ANALYZER_NUMBER_OBJECT_CONVERSION = YES_AGGRESSIVE;
				CLANG_CXX_LANGUAGE_STANDARD = "gnu++14";
				CLANG_CXX_LIBRARY = "libc++";
				CLANG_ENABLE_MODULES = YES;
				CLANG_ENABLE_OBJC_ARC = YES;
				CLANG_ENABLE_OBJC_WEAK = YES;
				CLANG_WARN_BLOCK_CAPTURE_AUTORELEASING = YES;
				CLANG_WARN_BOOL_CONVERSION = YES;
				CLANG_WARN_COMMA = YES;
				CLANG_WARN_CONSTANT_CONVERSION = YES;
				CLANG_WARN_DEPRECATED_OBJC_IMPLEMENTATIONS = YES;
				CLANG_WARN_DIRECT_OBJC_ISA_USAGE = YES_ERROR;
				CLANG_WARN_DOCUMENTATION_COMMENTS = YES;
				CLANG_WARN_EMPTY_BODY = YES;
				CLANG_WARN_ENUM_CONVERSION = YES;
				CLANG_WARN_INFINITE_RECURSION = YES;
				CLANG_WARN_INT_CONVERSION = YES;
				CLANG_WARN_NON_LITERAL_NULL_CONVERSION = YES;
				CLANG_WARN_OBJC_IMPLICIT_RETAIN_SELF = YES;
				CLANG_WARN_OBJC_LITERAL_CONVERSION = YES;
				CLANG_WARN_OBJC_ROOT_CLASS = YES_ERROR;
				CLANG_WARN_RANGE_LOOP_ANALYSIS = YES;
				CLANG_WARN_STRICT_PROTOTYPES = YES;
				CLANG_WARN_SUSPICIOUS_MOVE = YES;
				CLANG_WARN_UNGUARDED_AVAILABILITY = YES_AGGRESSIVE;
				CLANG_WARN_UNREACHABLE_CODE = YES;
				CLANG_WARN__DUPLICATE_METHOD_MATCH = YES;
				CODE_SIGN_IDENTITY = "iPhone Developer";
				COPY_PHASE_STRIP = NO;
				DEBUG_INFORMATION_FORMAT = "dwarf-with-dsym";
				ENABLE_NS_ASSERTIONS = NO;
				ENABLE_STRICT_OBJC_MSGSEND = YES;
				GCC_C_LANGUAGE_STANDARD = gnu11;
				GCC_NO_COMMON_BLOCKS = YES;
				GCC_WARN_64_TO_32_BIT_CONVERSION = YES;
				GCC_WARN_ABOUT_RETURN_TYPE = YES_ERROR;
				GCC_WARN_UNDECLARED_SELECTOR = YES;
				GCC_WARN_UNINITIALIZED_AUTOS = YES_AGGRESSIVE;
				GCC_WARN_UNUSED_FUNCTION = YES;
				GCC_WARN_UNUSED_VARIABLE = YES;
				IPHONEOS_DEPLOYMENT_TARGET = 11.3;
				MTL_ENABLE_DEBUG_INFO = NO;
				SDKROOT = iphoneos;
				VALIDATE_PRODUCT = YES;
			};
			name = Release;
		};
		888E3A3420C2776C00D4601A /* Debug */ = {
			isa = XCBuildConfiguration;
			buildSettings = {
				ASSETCATALOG_COMPILER_APPICON_NAME = AppIcon;
				CODE_SIGN_STYLE = Automatic;
				DEVELOPMENT_TEAM = 28S828G24C;
				INFOPLIST_FILE = "Runtime在开发中的应用/Info.plist";
				LD_RUNPATH_SEARCH_PATHS = (
					"$(inherited)",
					"@executable_path/Frameworks",
				);
				PRODUCT_BUNDLE_IDENTIFIER = "com.chenzhen.Runtime-------";
				PRODUCT_NAME = "$(TARGET_NAME)";
				TARGETED_DEVICE_FAMILY = "1,2";
			};
			name = Debug;
		};
		888E3A3520C2776C00D4601A /* Release */ = {
			isa = XCBuildConfiguration;
			buildSettings = {
				ASSETCATALOG_COMPILER_APPICON_NAME = AppIcon;
				CODE_SIGN_STYLE = Automatic;
				DEVELOPMENT_TEAM = 28S828G24C;
				INFOPLIST_FILE = "Runtime在开发中的应用/Info.plist";
				LD_RUNPATH_SEARCH_PATHS = (
					"$(inherited)",
					"@executable_path/Frameworks",
				);
				PRODUCT_BUNDLE_IDENTIFIER = "com.chenzhen.Runtime-------";
				PRODUCT_NAME = "$(TARGET_NAME)";
				TARGETED_DEVICE_FAMILY = "1,2";
			};
			name = Release;
		};
/* End XCBuildConfiguration section */

/* Begin XCConfigurationList section */
		888E3A1820C2776900D4601A /* Build configuration list for PBXProject "Runtime在开发中的应用" */ = {
			isa = XCConfigurationList;
			buildConfigurations = (
				888E3A3120C2776C00D4601A /* Debug */,
				888E3A3220C2776C00D4601A /* Release */,
			);
			defaultConfigurationIsVisible = 0;
			defaultConfigurationName = Release;
		};
		888E3A3320C2776C00D4601A /* Build configuration list for PBXNativeTarget "Runtime在开发中的应用" */ = {
			isa = XCConfigurationList;
			buildConfigurations = (
				888E3A3420C2776C00D4601A /* Debug */,
				888E3A3520C2776C00D4601A /* Release */,
			);
			defaultConfigurationIsVisible = 0;
			defaultConfigurationName = Release;
		};
/* End XCConfigurationList section */
	};
	rootObject = 888E3A1520C2776900D4601A /* Project object */;
}
